
Microsoft Visual Studio Solution File, Format Version 12.00
# Visual Studio Version 17
VisualStudioVersion = 17.7.34024.191
MinimumVisualStudioVersion = 10.0.40219.1
Project("{FAE04EC0-301F-11D3-BF4B-00C04F79EFBC}") = "Chess", "Chess\Chess.csproj", "{C070D7E6-1EE0-4F36-A418-68B8E8D92700}"
EndProject
Global
	GlobalSection(SolutionConfigurationPlatforms) = preSolution
		Debug|Any CPU = Debug|Any CPU
		Release|Any CPU = Release|Any CPU
	EndGlobalSection
	GlobalSection(ProjectConfigurationPlatforms) = postSolution
		{C070D7E6-1EE0-4F36-A418-68B8E8D92700}.Debug|Any CPU.ActiveCfg = Debug|Any CPU
		{C070D7E6-1EE0-4F36-A418-68B8E8D92700}.Debug|Any CPU.Build.0 = Debug|Any CPU
		{C070D7E6-1EE0-4F36-A418-68B8E8D92700}.Release|Any CPU.ActiveCfg = Release|Any CPU
		{C070D7E6-1EE0-4F36-A418-68B8E8D92700}.Release|Any CPU.Build.0 = Release|Any CPU
	EndGlobalSection
	GlobalSection(SolutionProperties) = preSolution
		HideSolutionNode = FALSE
	EndGlobalSection
	GlobalSection(ExtensibilityGlobals) = postSolution
		SolutionGuid = {104B333C-7393-41E5-B360-93720A0F2A87}
	EndGlobalSection
EndGlobal
